
Microsoft Visual Studio Solution File, Format Version 12.00
# Visual Studio 15
VisualStudioVersion = 15.0.26730.16
MinimumVisualStudioVersion = 10.0.40219.1
Project("{FAE04EC0-301F-11D3-BF4B-00C04F79EFBC}") = "PoeStalker", "PoeStalker\PoeStalker.csproj", "{4C82E1C1-8FC3-40BB-A7B8-9B6F21716221}"
EndProject
Global
	GlobalSection(SolutionConfigurationPlatforms) = preSolution
		Debug|Any CPU = Debug|Any CPU
		Debug|x86 = Debug|x86
		Release|Any CPU = Release|Any CPU
		Release|x86 = Release|x86
	EndGlobalSection
	GlobalSection(ProjectConfigurationPlatforms) = postSolution
		{4C82E1C1-8FC3-40BB-A7B8-9B6F21716221}.Debug|Any CPU.ActiveCfg = Debug|Any CPU
		{4C82E1C1-8FC3-40BB-A7B8-9B6F21716221}.Debug|Any CPU.Build.0 = Debug|Any CPU
		{4C82E1C1-8FC3-40BB-A7B8-9B6F21716221}.Debug|x86.ActiveCfg = Debug|x86
		{4C82E1C1-8FC3-40BB-A7B8-9B6F21716221}.Debug|x86.Build.0 = Debug|x86
		{4C82E1C1-8FC3-40BB-A7B8-9B6F21716221}.Release|Any CPU.ActiveCfg = Release|Any CPU
		{4C82E1C1-8FC3-40BB-A7B8-9B6F21716221}.Release|Any CPU.Build.0 = Release|Any CPU
		{4C82E1C1-8FC3-40BB-A7B8-9B6F21716221}.Release|x86.ActiveCfg = Release|x86
		{4C82E1C1-8FC3-40BB-A7B8-9B6F21716221}.Release|x86.Build.0 = Release|x86
	EndGlobalSection
	GlobalSection(SolutionProperties) = preSolution
		HideSolutionNode = FALSE
	EndGlobalSection
	GlobalSection(ExtensibilityGlobals) = postSolution
		SolutionGuid = {D69BAEB3-D9B4-41CE-9D24-8927D9292F41}
	EndGlobalSection
EndGlobal
